# @generated by Move, please check-in and do not edit manually.

[move]
version = 3
manifest_digest = "9ECA06C5970132700E8C0A19144356184FAAE79EB9CAD091ABD8E0FFAEBD8403"
deps_digest = "F8BBB0CCB2491CA29A3DF03D6F92277A4F3574266507ACD77214D37ECA3F3082"
dependencies = [
  { id = "Sui", name = "Sui" },
]

[[move.package]]
id = "MoveStdlib"
source = { git = "https://gitee.com/MystenLabs/sui.git", rev = "framework/testnet", subdir = "crates/sui-framework/packages/move-stdlib" }

[[move.package]]
id = "Sui"
source = { git = "https://gitee.com/MystenLabs/sui.git", rev = "framework/testnet", subdir = "crates/sui-framework/packages/sui-framework" }

dependencies = [
  { id = "MoveStdlib", name = "MoveStdlib" },
]

[move.toolchain-version]
compiler-version = "1.38.0"
edition = "2024.beta"
flavor = "sui"

[env]

[env.testnet]
chain-id = "4c78adac"
original-published-id = "0x0dd27146a64b5161fce7080f3269ec82b757116e09869da9f53f0faa0e88dc21"
latest-published-id = "0x0dd27146a64b5161fce7080f3269ec82b757116e09869da9f53f0faa0e88dc21"
published-version = "1"

[env.devnet]
chain-id = "0fc07bbe"
original-published-id = "0xc5f4913ec48a3940203484610156a7d792e983c2dbda06077e87ab12b2b46502"
latest-published-id = "0xc5f4913ec48a3940203484610156a7d792e983c2dbda06077e87ab12b2b46502"
published-version = "1"
